
Microsoft Visual Studio Solution File, Format Version 12.00
# Visual Studio Version 16
VisualStudioVersion = 16.0.32002.261
MinimumVisualStudioVersion = 10.0.40219.1
Project("{FAE04EC0-301F-11D3-BF4B-00C04F79EFBC}") = "Two way binding", "Two way binding\Two way binding.csproj", "{35E0159F-5CE3-455C-B735-F19EA359B72C}"
EndProject
Global
	GlobalSection(SolutionConfigurationPlatforms) = preSolution
		Debug|Any CPU = Debug|Any CPU
		Release|Any CPU = Release|Any CPU
	EndGlobalSection
	GlobalSection(ProjectConfigurationPlatforms) = postSolution
		{35E0159F-5CE3-455C-B735-F19EA359B72C}.Debug|Any CPU.ActiveCfg = Debug|Any CPU
		{35E0159F-5CE3-455C-B735-F19EA359B72C}.Debug|Any CPU.Build.0 = Debug|Any CPU
		{35E0159F-5CE3-455C-B735-F19EA359B72C}.Release|Any CPU.ActiveCfg = Release|Any CPU
		{35E0159F-5CE3-455C-B735-F19EA359B72C}.Release|Any CPU.Build.0 = Release|Any CPU
	EndGlobalSection
	GlobalSection(SolutionProperties) = preSolution
		HideSolutionNode = FALSE
	EndGlobalSection
	GlobalSection(ExtensibilityGlobals) = postSolution
		SolutionGuid = {2DF2ACD6-9858-4D3D-B235-29A0C89DD496}
	EndGlobalSection
EndGlobal
